hash: 4474d88676e9bb7e62e55d1ebc005c27e4edcbd3165ee91ba46ad2afb22b18b0
updated: 2016-08-16T23:30:20.769740415-04:00
imports:
- name: github.com/garyburd/redigo
  version: 8873b2f1995f59d4bcdd2b0dc9858e2cb9bf0c13
  subpackages:
  - redis
  - internal
- name: github.com/golang/freetype
  version: 38b4c392adc5eed94207994c4848fff99f4ac234
  subpackages:
  - truetype
  - raster
- name: github.com/gorilla/websocket
  version: 1f512fc3f05332ba7117626cdfb4e07474e58e60
- name: github.com/lib/pq
  version: 80f8150043c80fb52dee6bc863a709cdac7ec8f8
  subpackages:
  - oid
- name: github.com/llgcode/draw2d
  version: 13548be874707c45a83f9c2c282d76d671c7acf8
- name: github.com/vharitonsky/iniflags
  version: 743d6901e7ca8ab61ac533a8c49939ac8b560e72
- name: github.com/zenazn/goji
  version: 64eb34159fe53473206c2b3e70fe396a639452f2
  subpackages:
  - graceful
  - web
  - bind
  - web/middleware
  - graceful/listener
  - web/mutil
- name: golang.org/x/crypto
  version: a8a4eedf8c97852389ea5f2c252660d3616af041
  subpackages:
  - bcrypt
  - blowfish
- name: golang.org/x/image
  version: 9f8d0d45877da31f672995d10677ae6a586e31a5
  subpackages:
  - font
  - math/fixed
testImports: []
